<Project xmlns="http://schemas.microsoft.com/developer/msbuild/2003">
    <PropertyGroup>
        <ProjectGuid>{7E699A09-A17D-472F-B96C-7172FBFFC8AF}</ProjectGuid>
        <MainSource>mb3d-revision.dpr</MainSource>
        <Base>True</Base>
        <Config Condition="'$(Config)'==''">Debug</Config>
        <TargetedPlatforms>1</TargetedPlatforms>
        <AppType>Application</AppType>
        <FrameworkType>VCL</FrameworkType>
        <ProjectVersion>18.2</ProjectVersion>
        <Platform Condition="'$(Platform)'==''">Win32</Platform>
    </PropertyGroup>
    <PropertyGroup Condition="'$(Config)'=='Base' or '$(Base)'!=''">
        <Base>true</Base>
    </PropertyGroup>
    <PropertyGroup Condition="('$(Platform)'=='Win32' and '$(Base)'=='true') or '$(Base_Win32)'!=''">
        <Base_Win32>true</Base_Win32>
        <CfgParent>Base</CfgParent>
        <Base>true</Base>
    </PropertyGroup>
    <PropertyGroup Condition="'$(Config)'=='Release' or '$(Cfg_1)'!=''">
        <Cfg_1>true</Cfg_1>
        <CfgParent>Base</CfgParent>
        <Base>true</Base>
    </PropertyGroup>
    <PropertyGroup Condition="('$(Platform)'=='Win32' and '$(Cfg_1)'=='true') or '$(Cfg_1_Win32)'!=''">
        <Cfg_1_Win32>true</Cfg_1_Win32>
        <CfgParent>Cfg_1</CfgParent>
        <Cfg_1>true</Cfg_1>
        <Base>true</Base>
    </PropertyGroup>
    <PropertyGroup Condition="'$(Config)'=='Debug' or '$(Cfg_2)'!=''">
        <Cfg_2>true</Cfg_2>
        <CfgParent>Base</CfgParent>
        <Base>true</Base>
    </PropertyGroup>
    <PropertyGroup Condition="('$(Platform)'=='Win32' and '$(Cfg_2)'=='true') or '$(Cfg_2_Win32)'!=''">
        <Cfg_2_Win32>true</Cfg_2_Win32>
        <CfgParent>Cfg_2</CfgParent>
        <Cfg_2>true</Cfg_2>
        <Base>true</Base>
    </PropertyGroup>
    <PropertyGroup Condition="'$(Base)'!=''">
        <DCC_BplOutput>.\bpl</DCC_BplOutput>
        <DCC_DcpOutput>.\dcp</DCC_DcpOutput>
        <DCC_DcuOutput>.\dcu</DCC_DcuOutput>
        <BRCC_OutputDir>.\res</BRCC_OutputDir>
        <DCC_ExeOutput>.\</DCC_ExeOutput>
        <SanitizedProjectName>mb3d-revision</SanitizedProjectName>
        <Manifest_File>$(BDS)\bin\default_app.manifest</Manifest_File>
        <DCC_IOChecking>false</DCC_IOChecking>
        <DCC_ImageBase>00400000</DCC_ImageBase>
        <VerInfo_Keys>CompanyName=;FileDescription=3D fractal rendering;FileVersion=1.7.9.5;InternalName=;LegalCopyright=;LegalTrademarks=;OriginalFilename=mb3d;ProductName=;ProductVersion=;Comments=Freeware</VerInfo_Keys>
        <DCC_UsePackage>vcl;rtl;$(DCC_UsePackage)</DCC_UsePackage>
        <DCC_Namespace>Vcl;Vcl.Imaging;Vcl.Shell;System;Data;Winapi;$(DCC_Namespace)</DCC_Namespace>
        <VerInfo_Build>5</VerInfo_Build>
        <DCC_MaxStackSize>16777216</DCC_MaxStackSize>
        <DCC_N>true</DCC_N>
        <DCC_K>false</DCC_K>
        <DCC_S>false</DCC_S>
        <VerInfo_Locale>1033</VerInfo_Locale>
        <DCC_SymbolReferenceInfo>1</DCC_SymbolReferenceInfo>
        <DCC_F>false</DCC_F>
        <DCC_E>false</DCC_E>
    </PropertyGroup>
    <PropertyGroup Condition="'$(Base_Win32)'!=''">
        <DCC_BplOutput>.\bpl</DCC_BplOutput>
        <BRCC_OutputDir>.\res</BRCC_OutputDir>
        <DCC_DcpOutput>.\dcp</DCC_DcpOutput>
        <UWP_DelphiLogo150>$(BDS)\bin\Artwork\Windows\UWP\delphi_UwpDefault_150.png</UWP_DelphiLogo150>
        <UWP_DelphiLogo44>$(BDS)\bin\Artwork\Windows\UWP\delphi_UwpDefault_44.png</UWP_DelphiLogo44>
        <DCC_IOChecking>false</DCC_IOChecking>
        <Icon_MainIcon>m3d64.ico</Icon_MainIcon>
        <DCC_ImageBase>00400000</DCC_ImageBase>
        <DCC_Namespace>System.Win;$(DCC_Namespace)</DCC_Namespace>
        <DCC_UsePackage>vclx;VclSmp;vclshlctrls;xmlrtl;vclactnband;$(DCC_UsePackage)</DCC_UsePackage>
        <VerInfo_Keys>CompanyName=;InternalName=;LegalCopyright=;LegalTrademarks=;OriginalFilename=;Comments=;FileVersion=1.0.0.5;ProgramID=$(MSBuildProjectName);FileDescription=$(MSBuildProjectName);ProductName=$(MSBuildProjectName)</VerInfo_Keys>
        <DCC_MaxStackSize>16777216</DCC_MaxStackSize>
        <DCC_SymbolReferenceInfo>1</DCC_SymbolReferenceInfo>
    </PropertyGroup>
    <PropertyGroup Condition="'$(Cfg_1)'!=''">
        <VerInfo_IncludeVerInfo>true</VerInfo_IncludeVerInfo>
        <VerInfo_MinorVer>7</VerInfo_MinorVer>
        <VerInfo_Release>9</VerInfo_Release>
        <Icon_MainIcon>.\m3d64.ico</Icon_MainIcon>
        <DCC_AssertionsAtRuntime>false</DCC_AssertionsAtRuntime>
        <DCC_ImportedDataReferences>false</DCC_ImportedDataReferences>
        <DCC_LocalDebugSymbols>false</DCC_LocalDebugSymbols>
        <DCC_DebugInformation>0</DCC_DebugInformation>
        <DCC_SymbolReferenceInfo>0</DCC_SymbolReferenceInfo>
        <DCC_Define>RELEASE;$(DCC_Define)</DCC_Define>
    </PropertyGroup>
    <PropertyGroup Condition="'$(Cfg_1_Win32)'!=''">
        <DCC_DcpOutput>..\build\dcp</DCC_DcpOutput>
        <DCC_DcuOutput>..\build\dcu</DCC_DcuOutput>
        <BRCC_IncludePath>$(BDSLIB)\$(Platform)\$(Config);$(BDS)\include\jedi;$(BDSLIB)\jvcl;$(BDSLIB)\jcl;$(BDSLIB)\pax;$(BDSBIN);$(BDSLIB)\$(Platform)\$(Config);$(BDS)\include\jedi;$(BDSLIB)\jvcl;$(BDSLIB)\jcl;$(BDSLIB)\pax;$(BDSBIN);$(BRCC_IncludePath)</BRCC_IncludePath>
        <DCC_UnitSearchPath>$(BDSLIB)\$(Platform)\$(Config);$(BDS)\include\jedi;$(BDSLIB)\jvcl;$(BDSLIB)\jcl;$(BDSLIB)\pax;$(BDSBIN);$(BDSLIB)\jcl\win32;$(BDS)\source\include;$(BDS)\resources;$(DCC_UnitSearchPath)</DCC_UnitSearchPath>
        <DCC_MapFile>3</DCC_MapFile>
        <VerInfo_Build>147</VerInfo_Build>
        <Icon_MainIcon>m3d64.ico</Icon_MainIcon>
        <DCC_UsePackage>paxcomp_D10_2;$(DCC_UsePackage)</DCC_UsePackage>
        <DCC_ExeOutput>..\build</DCC_ExeOutput>
        <Debugger_IncludeSystemVars>true</Debugger_IncludeSystemVars>
        <DCC_BplOutput>..\build</DCC_BplOutput>
        <VerInfo_Locale>2057</VerInfo_Locale>
        <VerInfo_Release>2</VerInfo_Release>
        <VerInfo_AutoIncVersion>true</VerInfo_AutoIncVersion>
        <DCC_Define>USE_PAX_COMPILER;PARAMS_PER_THREAD;JIT_FORMULA_PREPROCESSING;$(DCC_Define)</DCC_Define>
        <VerInfo_MinorVer>9</VerInfo_MinorVer>
        <DCC_Inlining>off</DCC_Inlining>
        <DCC_LocalDebugSymbols>true</DCC_LocalDebugSymbols>
        <DCC_DebugInformation>true</DCC_DebugInformation>
        <DCC_MinStackSize>1048576</DCC_MinStackSize>
        <VerInfo_Keys>CompanyName=;FileDescription=3d fractal rendering;FileVersion=1.9.2.147;InternalName=;LegalCopyright=;LegalTrademarks=;OriginalFilename=;ProductVersion=1.9.1;Comments=;ProgramID=$(MSBuildProjectName);ProductName=$(MSBuildProjectName)</VerInfo_Keys>
    </PropertyGroup>
    <PropertyGroup Condition="'$(Cfg_2)'!=''">
        <DCC_RunTimeTypeInfo>true</DCC_RunTimeTypeInfo>
        <DCC_SymbolReferenceInfo>2</DCC_SymbolReferenceInfo>
        <DCC_Define>DEBUG;$(DCC_Define)</DCC_Define>
        <DCC_Optimize>false</DCC_Optimize>
    </PropertyGroup>
    <PropertyGroup Condition="'$(Cfg_2_Win32)'!=''">
        <DCC_UnitSearchPath>$(BDSLIB)\$(Platform)\$(Config);$(BDSLIB)\win32\debug;$(BDS)\include\jedi;$(BDSLIB)\jvcl;$(BDSLIB)\jcl;$(BDSLIB)\pax;$(BDSBIN);$(BDSLIB)\jcl\win32;$(BDS)\source\include;$(BDS)\resources;$(DCC_UnitSearchPath)</DCC_UnitSearchPath>
        <BRCC_IncludePath>$(BDSLIB)\win32\debug;$(BRCC_IncludePath)</BRCC_IncludePath>
        <DCC_DcpOutput>..\debug\dcp</DCC_DcpOutput>
        <DCC_ExeOutput>..\debug</DCC_ExeOutput>
        <DCC_MinStackSize>1048576</DCC_MinStackSize>
        <DCC_BplOutput>..\debug</DCC_BplOutput>
        <DCC_Define>USE_PAX_COMPILER;PARAMS_PER_THREAD;JIT_FORMULA_PREPROCESSING;$(DCC_Define)</DCC_Define>
        <BRCC_OutputDir>..\debug</BRCC_OutputDir>
        <DCC_UsePackage>paxcomp_D10_2;$(DCC_UsePackage)</DCC_UsePackage>
        <VerInfo_Debug>true</VerInfo_Debug>
        <VerInfo_AutoIncVersion>true</VerInfo_AutoIncVersion>
        <VerInfo_Locale>2057</VerInfo_Locale>
        <DCC_DcuOutput>..\debug\dcu</DCC_DcuOutput>
        <DCC_IOChecking>true</DCC_IOChecking>
        <DCC_IntegerOverflowCheck>true</DCC_IntegerOverflowCheck>
        <DCC_RangeChecking>true</DCC_RangeChecking>
        <DCC_GenerateStackFrames>false</DCC_GenerateStackFrames>
        <DCC_DebugDCUs>true</DCC_DebugDCUs>
        <VerInfo_IncludeVerInfo>true</VerInfo_IncludeVerInfo>
        <VerInfo_MinorVer>9</VerInfo_MinorVer>
        <VerInfo_Release>2</VerInfo_Release>
        <VerInfo_Keys>CompanyName=;FileDescription=3d fractal rendering;FileVersion=1.9.2.5;InternalName=;LegalCopyright=;LegalTrademarks=;OriginalFilename=;ProductVersion=1.9.1;Comments=;ProgramID=$(MSBuildProjectName);ProductName=$(MSBuildProjectName)</VerInfo_Keys>
        <DCC_Optimize>true</DCC_Optimize>
        <BT_BuildType>Debug</BT_BuildType>
    </PropertyGroup>
    <Import Condition="'$(Base)'!='' And Exists('release.optset')" Project="release.optset"/>
    <ItemGroup>
        <DelphiCompile Include="$(MainSource)">
            <MainSource>MainSource</MainSource>
        </DelphiCompile>
        <RcCompile Include="..\util\M3Iregister.rc">
            <Form>M3Iregister.res</Form>
        </RcCompile>
        <DCCReference Include="..\MAIN.pas">
            <Form>GUI</Form>
        </DCCReference>
        <DCCReference Include="..\ColorPick.pas">
            <Form>ColorForm</Form>
            <FormType>dfm</FormType>
        </DCCReference>
        <DCCReference Include="..\formula\FormulaClass.pas"/>
        <DCCReference Include="..\formula\formulas.pas"/>
        <DCCReference Include="..\prefs\IniDirsForm.pas">
            <Form>IniDirForm</Form>
        </DCCReference>
        <DCCReference Include="..\prefs\VisualThemesGUI.pas">
            <Form>VisualThemesFrm</Form>
        </DCCReference>
        <DCCReference Include="..\util\AmbHiQ.pas"/>
        <DCCReference Include="..\util\AmbShadowCalcThreadN.pas"/>
        <DCCReference Include="..\util\Calc.pas"/>
        <DCCReference Include="..\util\CalcAmbShadowDE.pas"/>
        <DCCReference Include="..\util\calcBlocky.pas"/>
        <DCCReference Include="..\util\CalcHardShadow.pas"/>
        <DCCReference Include="..\util\CalcSR.pas"/>
        <DCCReference Include="..\util\CalcThread.pas"/>
        <DCCReference Include="..\util\CalcThread2D.pas"/>
        <DCCReference Include="..\util\ColorSSAO.pas"/>
        <DCCReference Include="..\util\DivUtils.pas"/>
        <DCCReference Include="..\util\DOF.pas"/>
        <DCCReference Include="..\util\FileHandling.pas"/>
        <DCCReference Include="..\util\ThreadUtils.pas"/>
        <DCCReference Include="..\util\TypeDefinitions.pas"/>
        <DCCReference Include="..\util\Undo.pas"/>
        <DCCReference Include="..\util\Math3D.pas"/>
        <DCCReference Include="..\FORMS\TextBox.pas">
            <Form>FTextBox</Form>
            <FormType>dfm</FormType>
        </DCCReference>
        <DCCReference Include="..\formula\IFS.pas"/>
        <DCCReference Include="..\formula\CustomFormulas.pas"/>
        <DCCReference Include="..\image\FTGifAnimate.pas"/>
        <DCCReference Include="..\util\M3Iregister.pas"/>
        <DCCReference Include="..\TrackBarEx.pas"/>
        <DCCReference Include="..\SpeedButtonEx.pas"/>
        <DCCReference Include="..\ListBoxEx.pas"/>
        <DCCReference Include="..\util\Interpolation.pas"/>
        <DCCReference Include="..\util\ImageProcess.pas"/>
        <DCCReference Include="..\util\HeaderTrafos.pas"/>
        <DCCReference Include="..\util\Paint.pas"/>
        <DCCReference Include="..\util\PaintThread.pas"/>
        <DCCReference Include="..\util\RegisterM3Pgraphic.pas"/>
        <DCCReference Include="..\image\GIF_Image.pas"/>
        <DCCReference Include="..\COMPILER\FormulaCompiler.pas"/>
        <DCCReference Include="..\COMPILER\JITFormulaEditGUI.pas">
            <Form>JITFormulaEditorForm</Form>
            <FormType>dfm</FormType>
        </DCCReference>
        <DCCReference Include="..\COMPILER\JITFormulas.pas"/>
        <DCCReference Include="..\COMPILER\ParamValueEditGUI.pas">
            <Form>ParamValueEditFrm</Form>
            <FormType>dfm</FormType>
        </DCCReference>
        <DCCReference Include="..\MonteCarlo\CalcMonteCarlo.pas"/>
        <DCCReference Include="..\MonteCarlo\ColorOptionForm.pas">
            <Form>FColorOptions</Form>
            <FormType>dfm</FormType>
        </DCCReference>
        <DCCReference Include="..\MonteCarlo\MonteCarloForm.pas">
            <Form>MCForm</Form>
            <FormType>dfm</FormType>
        </DCCReference>
        <DCCReference Include="..\MUTATION\FormulaNames.pas"/>
        <DCCReference Include="..\MUTATION\MB3DFacade.pas"/>
        <DCCReference Include="..\MUTATION\MutaGen.pas"/>
        <DCCReference Include="..\MUTATION\MutaGenGUI.pas">
            <Form>MutaGenFrm</Form>
            <FormType>dfm</FormType>
        </DCCReference>
        <DCCReference Include="..\MUTATION\PreviewRenderer.pas"/>
        <DCCReference Include="..\MAP\Maps.pas"/>
        <DCCReference Include="..\MAP\MapSequences.pas"/>
        <DCCReference Include="..\MAP\MapSequencesGUI.pas">
            <Form>MapSequencesFrm</Form>
            <FormType>dfm</FormType>
        </DCCReference>
        <DCCReference Include="..\MAP\uMapCalcWindow.pas">
            <Form>MapCalcWindow</Form>
            <FormType>dfm</FormType>
        </DCCReference>
        <DCCReference Include="..\ANIMATE\Animation.pas">
            <Form>AnimationForm</Form>
            <FormType>dfm</FormType>
        </DCCReference>
        <DCCReference Include="..\ANIMATE\AniPreviewWindow.pas">
            <Form>AniPreviewForm</Form>
            <FormType>dfm</FormType>
        </DCCReference>
        <DCCReference Include="..\ANIMATE\AniProcess.pas">
            <Form>AniProcessForm</Form>
            <FormType>dfm</FormType>
        </DCCReference>
        <DCCReference Include="..\PROCESS\BatchForm.pas">
            <Form>BatchForm1</Form>
            <FormType>dfm</FormType>
        </DCCReference>
        <DCCReference Include="..\PROCESS\BRInfoWindow.pas">
            <Form>BRInfoForm</Form>
            <FormType>dfm</FormType>
        </DCCReference>
        <DCCReference Include="..\PROCESS\CalcPart.pas"/>
        <DCCReference Include="..\PROCESS\DoubleSize.pas"/>
        <DCCReference Include="..\PROCESS\PostProcessForm.pas">
            <Form>PostProForm</Form>
            <FormType>dfm</FormType>
        </DCCReference>
        <DCCReference Include="..\PROCESS\Tiling.pas">
            <Form>TilingForm</Form>
            <FormType>dfm</FormType>
        </DCCReference>
        <DCCReference Include="..\PROCESS\VoxelExport.pas">
            <Form>FVoxelExport</Form>
            <FormType>dfm</FormType>
        </DCCReference>
        <DCCReference Include="..\PROCESS\CalcVoxelSliceThread.pas"/>
        <DCCReference Include="..\util\NaviCalcThread.pas"/>
        <None Include="..\CHANGES.txt"/>
        <None Include="..\.gitignore"/>
        <BuildConfiguration Include="Debug">
            <Key>Cfg_2</Key>
            <CfgParent>Base</CfgParent>
        </BuildConfiguration>
        <BuildConfiguration Include="Base">
            <Key>Base</Key>
        </BuildConfiguration>
        <BuildConfiguration Include="Release">
            <Key>Cfg_1</Key>
            <CfgParent>Base</CfgParent>
        </BuildConfiguration>
    </ItemGroup>
    <ProjectExtensions>
        <Borland.Personality>Delphi.Personality.12</Borland.Personality>
        <Borland.ProjectType/>
        <BorlandProject>
            <Delphi.Personality>
                <Source>
                    <Source Name="MainSource">mb3d-revision.dpr</Source>
                </Source>
                <VersionInfo>
                    <VersionInfo Name="IncludeVerInfo">True</VersionInfo>
                    <VersionInfo Name="AutoIncBuild">False</VersionInfo>
                    <VersionInfo Name="MajorVer">1</VersionInfo>
                    <VersionInfo Name="MinorVer">7</VersionInfo>
                    <VersionInfo Name="Release">9</VersionInfo>
                    <VersionInfo Name="Build">5</VersionInfo>
                    <VersionInfo Name="Debug">False</VersionInfo>
                    <VersionInfo Name="PreRelease">False</VersionInfo>
                    <VersionInfo Name="Special">False</VersionInfo>
                    <VersionInfo Name="Private">False</VersionInfo>
                    <VersionInfo Name="DLL">False</VersionInfo>
                    <VersionInfo Name="Locale">1031</VersionInfo>
                    <VersionInfo Name="CodePage">1252</VersionInfo>
                </VersionInfo>
                <VersionInfoKeys>
                    <VersionInfoKeys Name="CompanyName"/>
                    <VersionInfoKeys Name="FileDescription">3D fractal rendering</VersionInfoKeys>
                    <VersionInfoKeys Name="FileVersion">1.7.9.5</VersionInfoKeys>
                    <VersionInfoKeys Name="InternalName"/>
                    <VersionInfoKeys Name="LegalCopyright"/>
                    <VersionInfoKeys Name="LegalTrademarks"/>
                    <VersionInfoKeys Name="OriginalFilename">mb3d</VersionInfoKeys>
                    <VersionInfoKeys Name="ProductName"/>
                    <VersionInfoKeys Name="Comments">Freeware</VersionInfoKeys>
                </VersionInfoKeys>
                <Excluded_Packages>
                    <Excluded_Packages Name="$(BDSBIN)\JclDeveloperTools250.bpl">JEDI Code Library Developer Tools package</Excluded_Packages>
                    <Excluded_Packages Name="$(BDSBIN)\JclContainers250.bpl">JEDI Code Library Containers package</Excluded_Packages>
                    <Excluded_Packages Name="$(BDSBIN)\Jcl250.bpl">JEDI Code Library RTL package</Excluded_Packages>
                    <Excluded_Packages Name="$(BDSBIN)\JclVcl250.bpl">JEDI Code Library VCL package</Excluded_Packages>
                    <Excluded_Packages Name="$(BDSBIN)\JvCore250.bpl">JVCL Core Components Runtime Package</Excluded_Packages>
                    <Excluded_Packages Name="$(BDSBIN)\bcboffice2k250.bpl">Embarcadero C++Builder Office 2000 Servers Package</Excluded_Packages>
                    <Excluded_Packages Name="$(BDSBIN)\bcbofficexp250.bpl">Embarcadero C++Builder Office XP Servers Package</Excluded_Packages>
                    <Excluded_Packages Name="$(BDSBIN)\dcloffice2k250.bpl">Microsoft Office 2000 Sample Automation Server Wrapper Components</Excluded_Packages>
                    <Excluded_Packages Name="$(BDSBIN)\dclofficexp250.bpl">Microsoft Office XP Sample Automation Server Wrapper Components</Excluded_Packages>
                </Excluded_Packages>
            </Delphi.Personality>
            <Platforms>
                <Platform value="Win32">True</Platform>
            </Platforms>
            <Deployment Version="3">
                <DeployFile LocalName="..\.gitignore" Configuration="Release" Class="ProjectFile"/>
                <DeployFile LocalName="..\CHANGES.txt" Configuration="Release" Class="ProjectFile"/>
                <DeployFile LocalName="mb3d.exe" Configuration="Release" Class="ProjectOutput"/>
                <DeployClass Name="AdditionalDebugSymbols">
                    <Platform Name="iOSSimulator">
                        <Operation>1</Operation>
                    </Platform>
                    <Platform Name="OSX32">
                        <RemoteDir>Contents\MacOS</RemoteDir>
                        <Operation>1</Operation>
                    </Platform>
                    <Platform Name="Win32">
                        <RemoteDir>Contents\MacOS</RemoteDir>
                        <Operation>0</Operation>
                    </Platform>
                </DeployClass>
                <DeployClass Name="AndroidClassesDexFile">
                    <Platform Name="Android">
                        <RemoteDir>classes</RemoteDir>
                        <Operation>1</Operation>
                    </Platform>
                </DeployClass>
                <DeployClass Name="AndroidGDBServer">
                    <Platform Name="Android">
                        <RemoteDir>library\lib\armeabi-v7a</RemoteDir>
                        <Operation>1</Operation>
                    </Platform>
                </DeployClass>
                <DeployClass Name="AndroidLibnativeArmeabiFile">
                    <Platform Name="Android">
                        <RemoteDir>library\lib\armeabi</RemoteDir>
                        <Operation>1</Operation>
                    </Platform>
                </DeployClass>
                <DeployClass Name="AndroidLibnativeMipsFile">
                    <Platform Name="Android">
                        <RemoteDir>library\lib\mips</RemoteDir>
                        <Operation>1</Operation>
                    </Platform>
                </DeployClass>
                <DeployClass Name="AndroidServiceOutput">
                    <Platform Name="Android">
                        <RemoteDir>library\lib\armeabi-v7a</RemoteDir>
                        <Operation>1</Operation>
                    </Platform>
                </DeployClass>
                <DeployClass Name="AndroidSplashImageDef">
                    <Platform Name="Android">
                        <RemoteDir>res\drawable</RemoteDir>
                        <Operation>1</Operation>
                    </Platform>
                </DeployClass>
                <DeployClass Name="AndroidSplashStyles">
                    <Platform Name="Android">
                        <RemoteDir>res\values</RemoteDir>
                        <Operation>1</Operation>
                    </Platform>
                </DeployClass>
                <DeployClass Name="Android_DefaultAppIcon">
                    <Platform Name="Android">
                        <RemoteDir>res\drawable</RemoteDir>
                        <Operation>1</Operation>
                    </Platform>
                </DeployClass>
                <DeployClass Name="Android_LauncherIcon144">
                    <Platform Name="Android">
                        <RemoteDir>res\drawable-xxhdpi</RemoteDir>
                        <Operation>1</Operation>
                    </Platform>
                </DeployClass>
                <DeployClass Name="Android_LauncherIcon36">
                    <Platform Name="Android">
                        <RemoteDir>res\drawable-ldpi</RemoteDir>
                        <Operation>1</Operation>
                    </Platform>
                </DeployClass>
                <DeployClass Name="Android_LauncherIcon48">
                    <Platform Name="Android">
                        <RemoteDir>res\drawable-mdpi</RemoteDir>
                        <Operation>1</Operation>
                    </Platform>
                </DeployClass>
                <DeployClass Name="Android_LauncherIcon72">
                    <Platform Name="Android">
                        <RemoteDir>res\drawable-hdpi</RemoteDir>
                        <Operation>1</Operation>
                    </Platform>
                </DeployClass>
                <DeployClass Name="Android_LauncherIcon96">
                    <Platform Name="Android">
                        <RemoteDir>res\drawable-xhdpi</RemoteDir>
                        <Operation>1</Operation>
                    </Platform>
                </DeployClass>
                <DeployClass Name="Android_SplashImage426">
                    <Platform Name="Android">
                        <RemoteDir>res\drawable-small</RemoteDir>
                        <Operation>1</Operation>
                    </Platform>
                </DeployClass>
                <DeployClass Name="Android_SplashImage470">
                    <Platform Name="Android">
                        <RemoteDir>res\drawable-normal</RemoteDir>
                        <Operation>1</Operation>
                    </Platform>
                </DeployClass>
                <DeployClass Name="Android_SplashImage640">
                    <Platform Name="Android">
                        <RemoteDir>res\drawable-large</RemoteDir>
                        <Operation>1</Operation>
                    </Platform>
                </DeployClass>
                <DeployClass Name="Android_SplashImage960">
                    <Platform Name="Android">
                        <RemoteDir>res\drawable-xlarge</RemoteDir>
                        <Operation>1</Operation>
                    </Platform>
                </DeployClass>
                <DeployClass Name="DebugSymbols">
                    <Platform Name="iOSSimulator">
                        <Operation>1</Operation>
                    </Platform>
                    <Platform Name="OSX32">
                        <RemoteDir>Contents\MacOS</RemoteDir>
                        <Operation>1</Operation>
                    </Platform>
                    <Platform Name="Win32">
                        <Operation>0</Operation>
                    </Platform>
                </DeployClass>
                <DeployClass Name="DependencyFramework">
                    <Platform Name="OSX32">
                        <RemoteDir>Contents\MacOS</RemoteDir>
                        <Operation>1</Operation>
                        <Extensions>.framework</Extensions>
                    </Platform>
                    <Platform Name="Win32">
                        <Operation>0</Operation>
                    </Platform>
                </DeployClass>
                <DeployClass Name="DependencyModule">
                    <Platform Name="iOSDevice32">
                        <Operation>1</Operation>
                        <Extensions>.dylib</Extensions>
                    </Platform>
                    <Platform Name="iOSDevice64">
                        <Operation>1</Operation>
                        <Extensions>.dylib</Extensions>
                    </Platform>
                    <Platform Name="iOSSimulator">
                        <Operation>1</Operation>
                        <Extensions>.dylib</Extensions>
                    </Platform>
                    <Platform Name="OSX32">
                        <RemoteDir>Contents\MacOS</RemoteDir>
                        <Operation>1</Operation>
                        <Extensions>.dylib</Extensions>
                    </Platform>
                    <Platform Name="Win32">
                        <Operation>0</Operation>
                        <Extensions>.dll;.bpl</Extensions>
                    </Platform>
                </DeployClass>
                <DeployClass Required="true" Name="DependencyPackage">
                    <Platform Name="iOSDevice32">
                        <Operation>1</Operation>
                        <Extensions>.dylib</Extensions>
                    </Platform>
                    <Platform Name="iOSDevice64">
                        <Operation>1</Operation>
                        <Extensions>.dylib</Extensions>
                    </Platform>
                    <Platform Name="iOSSimulator">
                        <Operation>1</Operation>
                        <Extensions>.dylib</Extensions>
                    </Platform>
                    <Platform Name="OSX32">
                        <RemoteDir>Contents\MacOS</RemoteDir>
                        <Operation>1</Operation>
                        <Extensions>.dylib</Extensions>
                    </Platform>
                    <Platform Name="Win32">
                        <Operation>0</Operation>
                        <Extensions>.bpl</Extensions>
                    </Platform>
                </DeployClass>
                <DeployClass Name="File">
                    <Platform Name="Android">
                        <Operation>0</Operation>
                    </Platform>
                    <Platform Name="iOSDevice32">
                        <Operation>0</Operation>
                    </Platform>
                    <Platform Name="iOSDevice64">
                        <Operation>0</Operation>
                    </Platform>
                    <Platform Name="iOSSimulator">
                        <Operation>0</Operation>
                    </Platform>
                    <Platform Name="OSX32">
                        <RemoteDir>Contents\Resources\StartUp\</RemoteDir>
                        <Operation>0</Operation>
                    </Platform>
                    <Platform Name="Win32">
                        <Operation>0</Operation>
                    </Platform>
                </DeployClass>
                <DeployClass Name="iPad_Launch1024">
                    <Platform Name="iOSDevice32">
                        <Operation>1</Operation>
                    </Platform>
                    <Platform Name="iOSDevice64">
                        <Operation>1</Operation>
                    </Platform>
                    <Platform Name="iOSSimulator">
                        <Operation>1</Operation>
                    </Platform>
                </DeployClass>
                <DeployClass Name="iPad_Launch1536">
                    <Platform Name="iOSDevice32">
                        <Operation>1</Operation>
                    </Platform>
                    <Platform Name="iOSDevice64">
                        <Operation>1</Operation>
                    </Platform>
                    <Platform Name="iOSSimulator">
                        <Operation>1</Operation>
                    </Platform>
                </DeployClass>
                <DeployClass Name="iPad_Launch2048">
                    <Platform Name="iOSDevice32">
                        <Operation>1</Operation>
                    </Platform>
                    <Platform Name="iOSDevice64">
                        <Operation>1</Operation>
                    </Platform>
                    <Platform Name="iOSSimulator">
                        <Operation>1</Operation>
                    </Platform>
                </DeployClass>
                <DeployClass Name="iPad_Launch768">
                    <Platform Name="iOSDevice32">
                        <Operation>1</Operation>
                    </Platform>
                    <Platform Name="iOSDevice64">
                        <Operation>1</Operation>
                    </Platform>
                    <Platform Name="iOSSimulator">
                        <Operation>1</Operation>
                    </Platform>
                </DeployClass>
                <DeployClass Name="iPhone_Launch320">
                    <Platform Name="iOSDevice32">
                        <Operation>1</Operation>
                    </Platform>
                    <Platform Name="iOSDevice64">
                        <Operation>1</Operation>
                    </Platform>
                    <Platform Name="iOSSimulator">
                        <Operation>1</Operation>
                    </Platform>
                </DeployClass>
                <DeployClass Name="iPhone_Launch640">
                    <Platform Name="iOSDevice32">
                        <Operation>1</Operation>
                    </Platform>
                    <Platform Name="iOSDevice64">
                        <Operation>1</Operation>
                    </Platform>
                    <Platform Name="iOSSimulator">
                        <Operation>1</Operation>
                    </Platform>
                </DeployClass>
                <DeployClass Name="iPhone_Launch640x1136">
                    <Platform Name="iOSDevice32">
                        <Operation>1</Operation>
                    </Platform>
                    <Platform Name="iOSDevice64">
                        <Operation>1</Operation>
                    </Platform>
                    <Platform Name="iOSSimulator">
                        <Operation>1</Operation>
                    </Platform>
                </DeployClass>
                <DeployClass Name="ProjectAndroidManifest">
                    <Platform Name="Android">
                        <Operation>1</Operation>
                    </Platform>
                </DeployClass>
                <DeployClass Name="ProjectiOSDeviceDebug">
                    <Platform Name="iOSDevice32">
                        <RemoteDir>..\$(PROJECTNAME).app.dSYM\Contents\Resources\DWARF</RemoteDir>
                        <Operation>1</Operation>
                    </Platform>
                    <Platform Name="iOSDevice64">
                        <RemoteDir>..\$(PROJECTNAME).app.dSYM\Contents\Resources\DWARF</RemoteDir>
                        <Operation>1</Operation>
                    </Platform>
                </DeployClass>
                <DeployClass Name="ProjectiOSDeviceResourceRules">
                    <Platform Name="iOSDevice32">
                        <Operation>1</Operation>
                    </Platform>
                    <Platform Name="iOSDevice64">
                        <Operation>1</Operation>
                    </Platform>
                </DeployClass>
                <DeployClass Name="ProjectiOSEntitlements">
                    <Platform Name="iOSDevice32">
                        <RemoteDir>..\</RemoteDir>
                        <Operation>1</Operation>
                    </Platform>
                    <Platform Name="iOSDevice64">
                        <RemoteDir>..\</RemoteDir>
                        <Operation>1</Operation>
                    </Platform>
                </DeployClass>
                <DeployClass Name="ProjectiOSInfoPList">
                    <Platform Name="iOSDevice32">
                        <Operation>1</Operation>
                    </Platform>
                    <Platform Name="iOSDevice64">
                        <Operation>1</Operation>
                    </Platform>
                    <Platform Name="iOSSimulator">
                        <Operation>1</Operation>
                    </Platform>
                </DeployClass>
                <DeployClass Name="ProjectiOSResource">
                    <Platform Name="iOSDevice32">
                        <Operation>1</Operation>
                    </Platform>
                    <Platform Name="iOSDevice64">
                        <Operation>1</Operation>
                    </Platform>
                    <Platform Name="iOSSimulator">
                        <Operation>1</Operation>
                    </Platform>
                </DeployClass>
                <DeployClass Name="ProjectOSXEntitlements">
                    <Platform Name="OSX32">
                        <RemoteDir>..\</RemoteDir>
                        <Operation>1</Operation>
                    </Platform>
                </DeployClass>
                <DeployClass Name="ProjectOSXInfoPList">
                    <Platform Name="OSX32">
                        <RemoteDir>Contents</RemoteDir>
                        <Operation>1</Operation>
                    </Platform>
                </DeployClass>
                <DeployClass Name="ProjectOSXResource">
                    <Platform Name="OSX32">
                        <RemoteDir>Contents\Resources</RemoteDir>
                        <Operation>1</Operation>
                    </Platform>
                </DeployClass>
                <DeployClass Required="true" Name="ProjectOutput">
                    <Platform Name="Android">
                        <RemoteDir>library\lib\armeabi-v7a</RemoteDir>
                        <Operation>1</Operation>
                    </Platform>
                    <Platform Name="iOSDevice32">
                        <Operation>1</Operation>
                    </Platform>
                    <Platform Name="iOSDevice64">
                        <Operation>1</Operation>
                    </Platform>
                    <Platform Name="iOSSimulator">
                        <Operation>1</Operation>
                    </Platform>
                    <Platform Name="Linux64">
                        <Operation>1</Operation>
                    </Platform>
                    <Platform Name="OSX32">
                        <RemoteDir>Contents\MacOS</RemoteDir>
                        <Operation>1</Operation>
                    </Platform>
                    <Platform Name="Win32">
                        <Operation>0</Operation>
                    </Platform>
                </DeployClass>
                <DeployClass Name="ProjectUWPManifest">
                    <Platform Name="Win32">
                        <Operation>1</Operation>
                    </Platform>
                    <Platform Name="Win64">
                        <Operation>1</Operation>
                    </Platform>
                </DeployClass>
                <DeployClass Name="UWP_DelphiLogo150">
                    <Platform Name="Win32">
                        <RemoteDir>Assets</RemoteDir>
                        <Operation>1</Operation>
                    </Platform>
                    <Platform Name="Win64">
                        <RemoteDir>Assets</RemoteDir>
                        <Operation>1</Operation>
                    </Platform>
                </DeployClass>
                <DeployClass Name="UWP_DelphiLogo44">
                    <Platform Name="Win32">
                        <RemoteDir>Assets</RemoteDir>
                        <Operation>1</Operation>
                    </Platform>
                    <Platform Name="Win64">
                        <RemoteDir>Assets</RemoteDir>
                        <Operation>1</Operation>
                    </Platform>
                </DeployClass>
                <ProjectRoot Platform="iOSDevice64" Name="$(PROJECTNAME).app"/>
                <ProjectRoot Platform="Win64" Name="$(PROJECTNAME)"/>
                <ProjectRoot Platform="iOSDevice32" Name="$(PROJECTNAME).app"/>
                <ProjectRoot Platform="Win32" Name="$(PROJECTNAME)"/>
                <ProjectRoot Platform="Linux64" Name="$(PROJECTNAME)"/>
                <ProjectRoot Platform="OSX32" Name="$(PROJECTNAME).app"/>
                <ProjectRoot Platform="Android" Name="$(PROJECTNAME)"/>
                <ProjectRoot Platform="iOSSimulator" Name="$(PROJECTNAME).app"/>
            </Deployment>
        </BorlandProject>
        <ProjectFileVersion>12</ProjectFileVersion>
    </ProjectExtensions>
    <Import Condition="Exists('$(BDS)\Bin\CodeGear.Delphi.Targets')" Project="$(BDS)\Bin\CodeGear.Delphi.Targets"/>
    <Import Condition="Exists('$(APPDATA)\Embarcadero\$(BDSAPPDATABASEDIR)\$(PRODUCTVERSION)\UserTools.proj')" Project="$(APPDATA)\Embarcadero\$(BDSAPPDATABASEDIR)\$(PRODUCTVERSION)\UserTools.proj"/>
    <Import Project="$(MSBuildProjectName).deployproj" Condition="Exists('$(MSBuildProjectName).deployproj')"/>
</Project>
